
Microsoft Visual Studio Solution File, Format Version 12.00
# Visual Studio Version 17
VisualStudioVersion = 17.8.34316.72
MinimumVisualStudioVersion = 10.0.40219.1
Project("{9A19103F-16F7-4668-BE54-9A1E7A4F7556}") = "RazorPizzeria", "RazorPizzeria\RazorPizzeria.csproj", "{D9D74690-256E-4D48-9988-8B9473201080}"
EndProject
Global
	GlobalSection(SolutionConfigurationPlatforms) = preSolution
		Debug|Any CPU = Debug|Any CPU
		Release|Any CPU = Release|Any CPU
	EndGlobalSection
	GlobalSection(ProjectConfigurationPlatforms) = postSolution
		{D9D74690-256E-4D48-9988-8B9473201080}.Debug|Any CPU.ActiveCfg = Debug|Any CPU
		{D9D74690-256E-4D48-9988-8B9473201080}.Debug|Any CPU.Build.0 = Debug|Any CPU
		{D9D74690-256E-4D48-9988-8B9473201080}.Release|Any CPU.ActiveCfg = Release|Any CPU
		{D9D74690-256E-4D48-9988-8B9473201080}.Release|Any CPU.Build.0 = Release|Any CPU
	EndGlobalSection
	GlobalSection(SolutionProperties) = preSolution
		HideSolutionNode = FALSE
	EndGlobalSection
	GlobalSection(ExtensibilityGlobals) = postSolution
		SolutionGuid = {604827E7-CDA4-416A-8501-E09D888F37B2}
	EndGlobalSection
EndGlobal
